
Microsoft Visual Studio Solution File, Format Version 12.00
# Visual Studio Version 16
VisualStudioVersion = 16.0.31105.61
MinimumVisualStudioVersion = 10.0.40219.1
Project("{FAE04EC0-301F-11D3-BF4B-00C04F79EFBC}") = "GhostWindowsCore", "GhostWindowsCore\GhostWindowsCore.csproj", "{82FD2F50-5A74-4AD5-95DB-04A6CFF4280B}"
EndProject
Global
	GlobalSection(SolutionConfigurationPlatforms) = preSolution
		Debug|Any CPU = Debug|Any CPU
		Release|Any CPU = Release|Any CPU
	EndGlobalSection
	GlobalSection(ProjectConfigurationPlatforms) = postSolution
		{82FD2F50-5A74-4AD5-95DB-04A6CFF4280B}.Debug|Any CPU.ActiveCfg = Debug|Any CPU
		{82FD2F50-5A74-4AD5-95DB-04A6CFF4280B}.Debug|Any CPU.Build.0 = Debug|Any CPU
		{82FD2F50-5A74-4AD5-95DB-04A6CFF4280B}.Release|Any CPU.ActiveCfg = Release|Any CPU
		{82FD2F50-5A74-4AD5-95DB-04A6CFF4280B}.Release|Any CPU.Build.0 = Release|Any CPU
	EndGlobalSection
	GlobalSection(SolutionProperties) = preSolution
		HideSolutionNode = FALSE
	EndGlobalSection
	GlobalSection(ExtensibilityGlobals) = postSolution
		SolutionGuid = {3203722B-183C-4F86-A854-74726122778C}
	EndGlobalSection
EndGlobal
